
Microsoft Visual Studio Solution File, Format Version 12.00
# Visual Studio 14
VisualStudioVersion = 14.0.25420.1
MinimumVisualStudioVersion = 10.0.40219.1
Project("{FAE04EC0-301F-11D3-BF4B-00C04F79EFBC}") = "Practicar_02_02", "Practicar_02_02\Practicar_02_02.csproj", "{75CF2F60-40EA-4BEE-B56F-17D19C72A548}"
EndProject
Project("{2150E333-8FDC-42A3-9474-1A3956D46DE8}") = "Dominio", "Dominio", "{5E36428B-7084-4804-B4D5-DE04C926E848}"
EndProject
Project("{2150E333-8FDC-42A3-9474-1A3956D46DE8}") = "Infraestructura", "Infraestructura", "{5E92B0DF-87AD-4472-B536-9C790C845A6E}"
EndProject
Project("{2150E333-8FDC-42A3-9474-1A3956D46DE8}") = "Presentacion", "Presentacion", "{35D72D68-A0C9-4AD5-B67A-09F826CF0A6C}"
EndProject
Project("{2150E333-8FDC-42A3-9474-1A3956D46DE8}") = "Entidades", "Entidades", "{68142A53-963D-4C36-A587-32B008776C5A}"
EndProject
Project("{2150E333-8FDC-42A3-9474-1A3956D46DE8}") = "Repositorio", "Repositorio", "{6394F40C-11FF-4A0D-A82A-EEF4C64D5306}"
EndProject
Project("{FAE04EC0-301F-11D3-BF4B-00C04F79EFBC}") = "Dominio.Entidades", "Dominio.Entidades\Dominio.Entidades.csproj", "{45443986-9408-48A6-B07E-66A38E701D0B}"
EndProject
Project("{2150E333-8FDC-42A3-9474-1A3956D46DE8}") = "Web", "Web", "{5EE96D0B-505D-4E54-8519-0E55B0760614}"
EndProject
Project("{2150E333-8FDC-42A3-9474-1A3956D46DE8}") = "Data", "Data", "{78A87E21-6D93-4D2A-9CAE-D175E6D75540}"
EndProject
Project("{FAE04EC0-301F-11D3-BF4B-00C04F79EFBC}") = "Infraestructura.Data.Sql", "Infraestructura.Data.Sql\Infraestructura.Data.Sql.csproj", "{93D22318-5E7F-4627-BADF-611AFC4CF2A2}"
EndProject
Project("{FAE04EC0-301F-11D3-BF4B-00C04F79EFBC}") = "Dominio.Repositorio", "Dominio.Repositorio\Dominio.Repositorio.csproj", "{324175B0-092B-45BF-AF6F-E5965CD5F508}"
EndProject
Global
	GlobalSection(SolutionConfigurationPlatforms) = preSolution
		Debug|Any CPU = Debug|Any CPU
		Release|Any CPU = Release|Any CPU
	EndGlobalSection
	GlobalSection(ProjectConfigurationPlatforms) = postSolution
		{75CF2F60-40EA-4BEE-B56F-17D19C72A548}.Debug|Any CPU.ActiveCfg = Debug|Any CPU
		{75CF2F60-40EA-4BEE-B56F-17D19C72A548}.Debug|Any CPU.Build.0 = Debug|Any CPU
		{75CF2F60-40EA-4BEE-B56F-17D19C72A548}.Release|Any CPU.ActiveCfg = Release|Any CPU
		{75CF2F60-40EA-4BEE-B56F-17D19C72A548}.Release|Any CPU.Build.0 = Release|Any CPU
		{45443986-9408-48A6-B07E-66A38E701D0B}.Debug|Any CPU.ActiveCfg = Debug|Any CPU
		{45443986-9408-48A6-B07E-66A38E701D0B}.Debug|Any CPU.Build.0 = Debug|Any CPU
		{45443986-9408-48A6-B07E-66A38E701D0B}.Release|Any CPU.ActiveCfg = Release|Any CPU
		{45443986-9408-48A6-B07E-66A38E701D0B}.Release|Any CPU.Build.0 = Release|Any CPU
		{93D22318-5E7F-4627-BADF-611AFC4CF2A2}.Debug|Any CPU.ActiveCfg = Debug|Any CPU
		{93D22318-5E7F-4627-BADF-611AFC4CF2A2}.Debug|Any CPU.Build.0 = Debug|Any CPU
		{93D22318-5E7F-4627-BADF-611AFC4CF2A2}.Release|Any CPU.ActiveCfg = Release|Any CPU
		{93D22318-5E7F-4627-BADF-611AFC4CF2A2}.Release|Any CPU.Build.0 = Release|Any CPU
		{324175B0-092B-45BF-AF6F-E5965CD5F508}.Debug|Any CPU.ActiveCfg = Debug|Any CPU
		{324175B0-092B-45BF-AF6F-E5965CD5F508}.Debug|Any CPU.Build.0 = Debug|Any CPU
		{324175B0-092B-45BF-AF6F-E5965CD5F508}.Release|Any CPU.ActiveCfg = Release|Any CPU
		{324175B0-092B-45BF-AF6F-E5965CD5F508}.Release|Any CPU.Build.0 = Release|Any CPU
	EndGlobalSection
	GlobalSection(SolutionProperties) = preSolution
		HideSolutionNode = FALSE
	EndGlobalSection
	GlobalSection(NestedProjects) = preSolution
		{75CF2F60-40EA-4BEE-B56F-17D19C72A548} = {5EE96D0B-505D-4E54-8519-0E55B0760614}
		{68142A53-963D-4C36-A587-32B008776C5A} = {5E36428B-7084-4804-B4D5-DE04C926E848}
		{6394F40C-11FF-4A0D-A82A-EEF4C64D5306} = {5E36428B-7084-4804-B4D5-DE04C926E848}
		{45443986-9408-48A6-B07E-66A38E701D0B} = {68142A53-963D-4C36-A587-32B008776C5A}
		{5EE96D0B-505D-4E54-8519-0E55B0760614} = {35D72D68-A0C9-4AD5-B67A-09F826CF0A6C}
		{78A87E21-6D93-4D2A-9CAE-D175E6D75540} = {5E92B0DF-87AD-4472-B536-9C790C845A6E}
		{93D22318-5E7F-4627-BADF-611AFC4CF2A2} = {78A87E21-6D93-4D2A-9CAE-D175E6D75540}
		{324175B0-092B-45BF-AF6F-E5965CD5F508} = {6394F40C-11FF-4A0D-A82A-EEF4C64D5306}
	EndGlobalSection
EndGlobal
